
Microsoft Visual Studio Solution File, Format Version 12.00
# Visual Studio Version 16
VisualStudioVersion = 16.0.32106.194
MinimumVisualStudioVersion = 10.0.40219.1
Project("{FAE04EC0-301F-11D3-BF4B-00C04F79EFBC}") = "MVCExample2022", "MVCExample2022\MVCExample2022.csproj", "{DCFFDBF1-1D37-4E92-B375-83D4003B987F}"
EndProject
Global
	GlobalSection(SolutionConfigurationPlatforms) = preSolution
		Debug|Any CPU = Debug|Any CPU
		Release|Any CPU = Release|Any CPU
	EndGlobalSection
	GlobalSection(ProjectConfigurationPlatforms) = postSolution
		{DCFFDBF1-1D37-4E92-B375-83D4003B987F}.Debug|Any CPU.ActiveCfg = Debug|Any CPU
		{DCFFDBF1-1D37-4E92-B375-83D4003B987F}.Debug|Any CPU.Build.0 = Debug|Any CPU
		{DCFFDBF1-1D37-4E92-B375-83D4003B987F}.Release|Any CPU.ActiveCfg = Release|Any CPU
		{DCFFDBF1-1D37-4E92-B375-83D4003B987F}.Release|Any CPU.Build.0 = Release|Any CPU
	EndGlobalSection
	GlobalSection(SolutionProperties) = preSolution
		HideSolutionNode = FALSE
	EndGlobalSection
	GlobalSection(ExtensibilityGlobals) = postSolution
		SolutionGuid = {826C0201-DA6F-4961-8A9C-DFC7D6F6DF7B}
	EndGlobalSection
EndGlobal
